<?xml version="1.0" encoding="utf-8"?>
<Project ToolsVersion="4.0" xmlns="http://schemas.microsoft.com/developer/msbuild/2003">
  <ItemGroup>
    <Filter Include="Source Files">
      <UniqueIdentifier>{4FC737F1-C7A5-4376-A066-2A32D752A2FF}</UniqueIdentifier>
      <Extensions>cpp;c;cc;cxx;def;odl;idl;hpj;bat;asm;asmx</Extensions>
    </Filter>
    <Filter Include="Header Files">
      <UniqueIdentifier>{93995380-89BD-4b04-88EB-625FBE52EBFB}</UniqueIdentifier>
      <Extensions>h;hh;hpp;hxx;hm;inl;inc;ipp;xsd</Extensions>
    </Filter>
    <Filter Include="Resource Files">
      <UniqueIdentifier>{67DA6AB6-F800-4c08-8B7A-83BB121AAD01}</UniqueIdentifier>
      <Extensions>rc;ico;cur;bmp;dlg;rc2;rct;bin;rgs;gif;jpg;jpeg;jpe;resx;tiff;tif;png;wav;mfcribbon-ms</Extensions>
    </Filter>
  </ItemGroup>
  <ItemGroup>
    <ClCompile Include="code\Source\Pieces\Bishop.cpp">
      <Filter>Source Files</Filter>
    </ClCompile>
    <ClCompile Include="code\Source\Pieces\King.cpp">
      <Filter>Source Files</Filter>
    </ClCompile>
    <ClCompile Include="code\Source\Pieces\Knight.cpp">
      <Filter>Source Files</Filter>
    </ClCompile>
    <ClCompile Include="code\Source\Pieces\NullPiece.cpp">
      <Filter>Source Files</Filter>
    </ClCompile>
    <ClCompile Include="code\Source\Pieces\Pieces.cpp">
      <Filter>Source Files</Filter>
    </ClCompile>
    <ClCompile Include="code\Source\Pieces\Queen.cpp">
      <Filter>Source Files</Filter>
    </ClCompile>
    <ClCompile Include="code\Source\Pieces\Rook.cpp">
      <Filter>Source Files</Filter>
    </ClCompile>
    <ClCompile Include="code\Source\Scans\DualAxisScan.cpp">
      <Filter>Source Files</Filter>
    </ClCompile>
    <ClCompile Include="code\Source\Scans\Scanner.cpp">
      <Filter>Source Files</Filter>
    </ClCompile>
    <ClCompile Include="code\Source\Scans\SingleAxisScan.cpp">
      <Filter>Source Files</Filter>
    </ClCompile>
    <ClCompile Include="code\Source\Board.cpp">
      <Filter>Source Files</Filter>
    </ClCompile>
    <ClCompile Include="code\Source\Interface.cpp">
      <Filter>Source Files</Filter>
    </ClCompile>
    <ClCompile Include="code\Source\main.cpp">
      <Filter>Source Files</Filter>
    </ClCompile>
    <ClCompile Include="code\Source\Mastermind.cpp">
      <Filter>Source Files</Filter>
    </ClCompile>
    <ClCompile Include="code\Source\Motion.cpp">
      <Filter>Source Files</Filter>
    </ClCompile>
    <ClCompile Include="code\Source\Status.cpp">
      <Filter>Source Files</Filter>
    </ClCompile>
    <ClCompile Include="code\Tests\RookTests.cpp">
      <Filter>Source Files</Filter>
    </ClCompile>
    <ClCompile Include="code\Tests\SingleAxisScanTests.cpp">
      <Filter>Source Files</Filter>
    </ClCompile>
    <ClCompile Include="code\Source\Scans\CompoundAxisScan.cpp">
      <Filter>Source Files</Filter>
    </ClCompile>
    <ClCompile Include="$(MSBuildThisFileDirectory)..\..\lib\native\src\gtest\gtest-all.cc">
      <Filter>Source Files</Filter>
    </ClCompile>
    <ClCompile Include="$(MSBuildThisFileDirectory)..\..\lib\native\src\gmock\gmock-all.cc">
      <Filter>Source Files</Filter>
    </ClCompile>
    <ClCompile Include="code\Source\GameProtocolDriver.cpp">
      <Filter>Source Files</Filter>
    </ClCompile>
    <ClCompile Include="code\Source\State\InitState.cpp">
      <Filter>Source Files</Filter>
    </ClCompile>
    <ClCompile Include="code\Source\State\BaseState.cpp">
      <Filter>Source Files</Filter>
    </ClCompile>
    <ClCompile Include="code\Source\State\InputState.cpp">
      <Filter>Source Files</Filter>
    </ClCompile>
    <ClCompile Include="code\Source\State\CheckmateState.cpp">
      <Filter>Source Files</Filter>
    </ClCompile>
    <ClCompile Include="code\Source\State\RelevancyState.cpp">
      <Filter>Source Files</Filter>
    </ClCompile>
    <ClCompile Include="code\Source\State\MoveValidityState.cpp">
      <Filter>Source Files</Filter>
    </ClCompile>
    <ClCompile Include="code\Source\State\PathScanState.cpp">
      <Filter>Source Files</Filter>
    </ClCompile>
    <ClCompile Include="code\Source\Pieces\BlackPawn.cpp">
      <Filter>Source Files</Filter>
    </ClCompile>
    <ClCompile Include="code\Source\Pieces\WhitePawn.cpp">
      <Filter>Source Files</Filter>
    </ClCompile>
    <ClCompile Include="code\Source\Scans\BaseScan.cpp">
      <Filter>Source Files</Filter>
    </ClCompile>
    <ClCompile Include="code\Source\State\MoveState.cpp">
      <Filter>Source Files</Filter>
    </ClCompile>
    <ClCompile Include="code\Source\State\DefensiveCheckScanState.cpp">
      <Filter>Source Files</Filter>
    </ClCompile>
    <ClCompile Include="code\Source\State\ReturnPieceState.cpp">
      <Filter>Source Files</Filter>
    </ClCompile>
    <ClCompile Include="code\Source\State\OffensiveCheckScanState.cpp">
      <Filter>Source Files</Filter>
    </ClCompile>
    <ClCompile Include="code\Source\BaseTurn.cpp">
      <Filter>Source Files</Filter>
    </ClCompile>
    <ClCompile Include="code\Source\State\SwitchTurnState.cpp">
      <Filter>Source Files</Filter>
    </ClCompile>
    <ClCompile Include="code\Source\State\PinScanState.cpp">
      <Filter>Source Files</Filter>
    </ClCompile>
  </ItemGroup>
  <ItemGroup>
    <ClInclude Include="code\Source\Pieces\Bishop.h">
      <Filter>Header Files</Filter>
    </ClInclude>
    <ClInclude Include="code\Source\Pieces\King.h">
      <Filter>Header Files</Filter>
    </ClInclude>
    <ClInclude Include="code\Source\Pieces\Knight.h">
      <Filter>Header Files</Filter>
    </ClInclude>
    <ClInclude Include="code\Source\Pieces\NullPiece.h">
      <Filter>Header Files</Filter>
    </ClInclude>
    <ClInclude Include="code\Source\Pieces\Pieces.h">
      <Filter>Header Files</Filter>
    </ClInclude>
    <ClInclude Include="code\Source\Pieces\Queen.h">
      <Filter>Header Files</Filter>
    </ClInclude>
    <ClInclude Include="code\Source\Pieces\Rook.h">
      <Filter>Header Files</Filter>
    </ClInclude>
    <ClInclude Include="code\Source\Scans\DualAxisScan.h">
      <Filter>Header Files</Filter>
    </ClInclude>
    <ClInclude Include="code\Source\Scans\Scanner.h">
      <Filter>Header Files</Filter>
    </ClInclude>
    <ClInclude Include="code\Source\Scans\SingleAxisScan.h">
      <Filter>Header Files</Filter>
    </ClInclude>
    <ClInclude Include="code\Source\Board.h">
      <Filter>Header Files</Filter>
    </ClInclude>
    <ClInclude Include="code\Source\Interface.h">
      <Filter>Header Files</Filter>
    </ClInclude>
    <ClInclude Include="code\Source\Mastermind.h">
      <Filter>Header Files</Filter>
    </ClInclude>
    <ClInclude Include="code\Source\Motion.h">
      <Filter>Header Files</Filter>
    </ClInclude>
    <ClInclude Include="code\Source\Status.h">
      <Filter>Header Files</Filter>
    </ClInclude>
    <ClInclude Include="code\Tests\Mocks\MockBoard.h">
      <Filter>Header Files</Filter>
    </ClInclude>
    <ClInclude Include="code\Source\Scans\CompoundAxisScan.h">
      <Filter>Header Files</Filter>
    </ClInclude>
    <ClInclude Include="code\Source\GameProtocolDriver.h">
      <Filter>Header Files</Filter>
    </ClInclude>
    <ClInclude Include="code\Source\State\BaseState.h">
      <Filter>Header Files</Filter>
    </ClInclude>
    <ClInclude Include="code\Source\State\InitState.h">
      <Filter>Header Files</Filter>
    </ClInclude>
    <ClInclude Include="code\Source\State\InputState.h">
      <Filter>Header Files</Filter>
    </ClInclude>
    <ClInclude Include="code\Source\State\CheckmateState.h">
      <Filter>Header Files</Filter>
    </ClInclude>
    <ClInclude Include="code\Source\State\RelevancyState.h">
      <Filter>Header Files</Filter>
    </ClInclude>
    <ClInclude Include="code\Source\State\MoveValidityState.h">
      <Filter>Header Files</Filter>
    </ClInclude>
    <ClInclude Include="code\Source\State\PathScanState.h">
      <Filter>Header Files</Filter>
    </ClInclude>
    <ClInclude Include="code\Source\Pieces\BlackPawn.h">
      <Filter>Header Files</Filter>
    </ClInclude>
    <ClInclude Include="code\Source\Pieces\WhitePawn.h">
      <Filter>Header Files</Filter>
    </ClInclude>
    <ClInclude Include="code\Source\Scans\BaseScan.h">
      <Filter>Header Files</Filter>
    </ClInclude>
    <ClInclude Include="code\Source\State\MoveState.h">
      <Filter>Header Files</Filter>
    </ClInclude>
    <ClInclude Include="code\Source\State\DefensiveCheckScanState.h">
      <Filter>Header Files</Filter>
    </ClInclude>
    <ClInclude Include="code\Source\State\ReturnPieceState.h">
      <Filter>Header Files</Filter>
    </ClInclude>
    <ClInclude Include="code\Source\State\OffensiveCheckScanState.h">
      <Filter>Header Files</Filter>
    </ClInclude>
    <ClInclude Include="code\Source\BaseTurn.h">
      <Filter>Header Files</Filter>
    </ClInclude>
    <ClInclude Include="code\Source\StandardInitialPieceLocations.h">
      <Filter>Header Files</Filter>
    </ClInclude>
    <ClInclude Include="code\Source\State\SwitchTurnState.h">
      <Filter>Header Files</Filter>
    </ClInclude>
    <ClInclude Include="code\Source\PotentialPin.h">
      <Filter>Header Files</Filter>
    </ClInclude>
    <ClInclude Include="code\Source\State\PinScanState.h">
      <Filter>Header Files</Filter>
    </ClInclude>
  </ItemGroup>
  <ItemGroup>
    <None Include="packages.config" />
  </ItemGroup>
</Project>