
Microsoft Visual Studio Solution File, Format Version 12.00
# Visual Studio 15
VisualStudioVersion = 15.0.28010.2016
MinimumVisualStudioVersion = 10.0.40219.1
Project("{8BC9CEB8-8B4A-11D0-8D11-00A0C91BC942}") = "ChessGame", "ChessGame.vcxproj", "{FCE121D8-BCFE-40D2-A6D1-1C962DBFEA2D}"
EndProject
Global
	GlobalSection(SolutionConfigurationPlatforms) = preSolution
		Debug|x64 = Debug|x64
		Debug|x86 = Debug|x86
		Release|x64 = Release|x64
		Release|x86 = Release|x86
	EndGlobalSection
	GlobalSection(ProjectConfigurationPlatforms) = postSolution
		{FCE121D8-BCFE-40D2-A6D1-1C962DBFEA2D}.Debug|x64.ActiveCfg = Debug|x64
		{FCE121D8-BCFE-40D2-A6D1-1C962DBFEA2D}.Debug|x64.Build.0 = Debug|x64
		{FCE121D8-BCFE-40D2-A6D1-1C962DBFEA2D}.Debug|x86.ActiveCfg = Debug|Win32
		{FCE121D8-BCFE-40D2-A6D1-1C962DBFEA2D}.Debug|x86.Build.0 = Debug|Win32
		{FCE121D8-BCFE-40D2-A6D1-1C962DBFEA2D}.Release|x64.ActiveCfg = Release|x64
		{FCE121D8-BCFE-40D2-A6D1-1C962DBFEA2D}.Release|x64.Build.0 = Release|x64
		{FCE121D8-BCFE-40D2-A6D1-1C962DBFEA2D}.Release|x86.ActiveCfg = Release|Win32
		{FCE121D8-BCFE-40D2-A6D1-1C962DBFEA2D}.Release|x86.Build.0 = Release|Win32
	EndGlobalSection
	GlobalSection(SolutionProperties) = preSolution
		HideSolutionNode = FALSE
	EndGlobalSection
	GlobalSection(ExtensibilityGlobals) = postSolution
		SolutionGuid = {A2C1ABD0-1C45-43AC-B1D0-E32EDAC89A59}
	EndGlobalSection
EndGlobal
