<?xml version="1.0" encoding="utf-8"?>
<Project ToolsVersion="4.0" xmlns="http://schemas.microsoft.com/developer/msbuild/2003">
  <ItemGroup>
    <Filter Include="Source Files">
      <UniqueIdentifier>{4FC737F1-C7A5-4376-A066-2A32D752A2FF}</UniqueIdentifier>
      <Extensions>cpp;c;cc;cxx;def;odl;idl;hpj;bat;asm;asmx</Extensions>
    </Filter>
    <Filter Include="Header Files">
      <UniqueIdentifier>{93995380-89BD-4b04-88EB-625FBE52EBFB}</UniqueIdentifier>
      <Extensions>h;hh;hpp;hxx;hm;inl;inc;ipp;xsd</Extensions>
    </Filter>
    <Filter Include="Resource Files">
      <UniqueIdentifier>{67DA6AB6-F800-4c08-8B7A-83BB121AAD01}</UniqueIdentifier>
      <Extensions>rc;ico;cur;bmp;dlg;rc2;rct;bin;rgs;gif;jpg;jpeg;jpe;resx;tiff;tif;png;wav;mfcribbon-ms</Extensions>
    </Filter>
  </ItemGroup>
  <ItemGroup>
    <ClCompile Include="Source\Pieces\Bishop.cpp">
      <Filter>Source Files</Filter>
    </ClCompile>
    <ClCompile Include="Source\Pieces\King.cpp">
      <Filter>Source Files</Filter>
    </ClCompile>
    <ClCompile Include="Source\Pieces\Knight.cpp">
      <Filter>Source Files</Filter>
    </ClCompile>
    <ClCompile Include="Source\Pieces\NullPiece.cpp">
      <Filter>Source Files</Filter>
    </ClCompile>
    <ClCompile Include="Source\Pieces\Pawn.cpp">
      <Filter>Source Files</Filter>
    </ClCompile>
    <ClCompile Include="Source\Pieces\Pieces.cpp">
      <Filter>Source Files</Filter>
    </ClCompile>
    <ClCompile Include="Source\Pieces\Queen.cpp">
      <Filter>Source Files</Filter>
    </ClCompile>
    <ClCompile Include="Source\Pieces\Rook.cpp">
      <Filter>Source Files</Filter>
    </ClCompile>
    <ClCompile Include="Source\Scans\DualAxisScan.cpp">
      <Filter>Source Files</Filter>
    </ClCompile>
    <ClCompile Include="Source\Scans\Scanner.cpp">
      <Filter>Source Files</Filter>
    </ClCompile>
    <ClCompile Include="Source\Scans\SingleAxisScan.cpp">
      <Filter>Source Files</Filter>
    </ClCompile>
    <ClCompile Include="Source\Board.cpp">
      <Filter>Source Files</Filter>
    </ClCompile>
    <ClCompile Include="Source\Interface.cpp">
      <Filter>Source Files</Filter>
    </ClCompile>
    <ClCompile Include="Source\main.cpp">
      <Filter>Source Files</Filter>
    </ClCompile>
    <ClCompile Include="Source\Mastermind.cpp">
      <Filter>Source Files</Filter>
    </ClCompile>
    <ClCompile Include="Source\Motion.cpp">
      <Filter>Source Files</Filter>
    </ClCompile>
    <ClCompile Include="Source\Status.cpp">
      <Filter>Source Files</Filter>
    </ClCompile>
    <ClCompile Include="Tests\RookTests.cpp">
      <Filter>Source Files</Filter>
    </ClCompile>
    <ClCompile Include="Tests\SingleAxisScanTests.cpp">
      <Filter>Source Files</Filter>
    </ClCompile>
  </ItemGroup>
  <ItemGroup>
    <ClInclude Include="Source\Pieces\Bishop.h">
      <Filter>Header Files</Filter>
    </ClInclude>
    <ClInclude Include="Source\Pieces\King.h">
      <Filter>Header Files</Filter>
    </ClInclude>
    <ClInclude Include="Source\Pieces\Knight.h">
      <Filter>Header Files</Filter>
    </ClInclude>
    <ClInclude Include="Source\Pieces\NullPiece.h">
      <Filter>Header Files</Filter>
    </ClInclude>
    <ClInclude Include="Source\Pieces\Pawn.h">
      <Filter>Header Files</Filter>
    </ClInclude>
    <ClInclude Include="Source\Pieces\Pieces.h">
      <Filter>Header Files</Filter>
    </ClInclude>
    <ClInclude Include="Source\Pieces\Queen.h">
      <Filter>Header Files</Filter>
    </ClInclude>
    <ClInclude Include="Source\Pieces\Rook.h">
      <Filter>Header Files</Filter>
    </ClInclude>
    <ClInclude Include="Source\Scans\DualAxisScan.h">
      <Filter>Header Files</Filter>
    </ClInclude>
    <ClInclude Include="Source\Scans\Scanner.h">
      <Filter>Header Files</Filter>
    </ClInclude>
    <ClInclude Include="Source\Scans\SingleAxisScan.h">
      <Filter>Header Files</Filter>
    </ClInclude>
    <ClInclude Include="Source\Board.h">
      <Filter>Header Files</Filter>
    </ClInclude>
    <ClInclude Include="Source\Interface.h">
      <Filter>Header Files</Filter>
    </ClInclude>
    <ClInclude Include="Source\Mastermind.h">
      <Filter>Header Files</Filter>
    </ClInclude>
    <ClInclude Include="Source\Motion.h">
      <Filter>Header Files</Filter>
    </ClInclude>
    <ClInclude Include="Source\Status.h">
      <Filter>Header Files</Filter>
    </ClInclude>
    <ClInclude Include="Tests\Mocks\MockBoard.h">
      <Filter>Header Files</Filter>
    </ClInclude>
  </ItemGroup>
  <ItemGroup>
    <None Include="packages.config" />
  </ItemGroup>
</Project>